
Microsoft Visual Studio Solution File, Format Version 12.00
# Visual Studio Version 17
VisualStudioVersion = 17.5.33414.496
MinimumVisualStudioVersion = 10.0.40219.1
Project("{FAE04EC0-301F-11D3-BF4B-00C04F79EFBC}") = "Module15", "Module15.csproj", "{229F8B18-DE3A-4765-B1FC-58DA49039223}"
EndProject
Global
	GlobalSection(SolutionConfigurationPlatforms) = preSolution
		Debug|Any CPU = Debug|Any CPU
		Release|Any CPU = Release|Any CPU
	EndGlobalSection
	GlobalSection(ProjectConfigurationPlatforms) = postSolution
		{229F8B18-DE3A-4765-B1FC-58DA49039223}.Debug|Any CPU.ActiveCfg = Debug|Any CPU
		{229F8B18-DE3A-4765-B1FC-58DA49039223}.Debug|Any CPU.Build.0 = Debug|Any CPU
		{229F8B18-DE3A-4765-B1FC-58DA49039223}.Release|Any CPU.ActiveCfg = Release|Any CPU
		{229F8B18-DE3A-4765-B1FC-58DA49039223}.Release|Any CPU.Build.0 = Release|Any CPU
	EndGlobalSection
	GlobalSection(SolutionProperties) = preSolution
		HideSolutionNode = FALSE
	EndGlobalSection
	GlobalSection(ExtensibilityGlobals) = postSolution
		SolutionGuid = {D087ECA7-40DA-4BF1-87E0-085E70539C50}
	EndGlobalSection
EndGlobal
